
Microsoft Visual Studio Solution File, Format Version 12.00
# Visual Studio 15
VisualStudioVersion = 15.0.28307.960
MinimumVisualStudioVersion = 10.0.40219.1
Project("{FAE04EC0-301F-11D3-BF4B-00C04F79EFBC}") = "MorseAlphabetConverter", "MorseAlphabetConverter\MorseAlphabetConverter.csproj", "{9E192F2B-D982-4E84-8C36-13AB6C517213}"
EndProject
Global
	GlobalSection(SolutionConfigurationPlatforms) = preSolution
		Debug|Any CPU = Debug|Any CPU
		Release|Any CPU = Release|Any CPU
	EndGlobalSection
	GlobalSection(ProjectConfigurationPlatforms) = postSolution
		{9E192F2B-D982-4E84-8C36-13AB6C517213}.Debug|Any CPU.ActiveCfg = Debug|Any CPU
		{9E192F2B-D982-4E84-8C36-13AB6C517213}.Debug|Any CPU.Build.0 = Debug|Any CPU
		{9E192F2B-D982-4E84-8C36-13AB6C517213}.Release|Any CPU.ActiveCfg = Release|Any CPU
		{9E192F2B-D982-4E84-8C36-13AB6C517213}.Release|Any CPU.Build.0 = Release|Any CPU
	EndGlobalSection
	GlobalSection(SolutionProperties) = preSolution
		HideSolutionNode = FALSE
	EndGlobalSection
	GlobalSection(ExtensibilityGlobals) = postSolution
		SolutionGuid = {E3902C4A-0E0D-4272-A2B2-5E61E5E71EE9}
	EndGlobalSection
EndGlobal
